# THIS IS AN AUTOGENERATED FILE. DO NOT EDIT THIS FILE DIRECTLY.
# yarn lockfile v1


turbo-darwin-64@1.10.6:
  version "1.10.6"
  resolved "https://registry.yarnpkg.com/turbo-darwin-64/-/turbo-darwin-64-1.10.6.tgz#0473a8d95347614dbb5f19d1b0fd8daa554739cf"
  integrity sha512-s2Gc7i9Ud+H9GDcrGJjPIyscJfzDGQ6il4Sl2snfvwngJs4/TaqKuBoX3HNt/7F4NiFRs7ZhlLV1/Yu9zGBRhw==

turbo-darwin-arm64@1.10.6:
  version "1.10.6"
  resolved "https://registry.yarnpkg.com/turbo-darwin-arm64/-/turbo-darwin-arm64-1.10.6.tgz#2f1f43f83866e44b86f0e7c5073a0954ee2d8ea5"
  integrity sha512-tgl70t5PBLyRcNTdP9N6NjvdvQ5LUk8Z60JGUhBhnc+oCOdA4pltrDJNPyel3tQAXXt1dDpl8pp9vUrbwoVyGg==

turbo-linux-64@1.10.6:
  version "1.10.6"
  resolved "https://registry.yarnpkg.com/turbo-linux-64/-/turbo-linux-64-1.10.6.tgz#ca9f035803e2cef802f11be2fb793df4b3857b07"
  integrity sha512-h7eyAA3xtAVpamcYJYUwe0xm0LWdbv7/I7QiM09AZ67TTNpyUgqW8giFN3h793BHEQ2Rcnk9FNkpIbjWBbyamg==

turbo-linux-arm64@1.10.6:
  version "1.10.6"
  resolved "https://registry.yarnpkg.com/turbo-linux-arm64/-/turbo-linux-arm64-1.10.6.tgz#f2400fcf4d5b996190a580bb60f199b784a4b0d7"
  integrity sha512-8cZhOeLqu3QZ27yLd6bw4FNaB8y5pLdWeRLJeiWHkIb/cptKnRKJFP+keBJzJi8ovaMqdBpabrxiBRN2lhau5Q==

turbo-windows-64@1.10.6:
  version "1.10.6"
  resolved "https://registry.yarnpkg.com/turbo-windows-64/-/turbo-windows-64-1.10.6.tgz#d8eaed239a96ad2d151d3e5e3281eb694ecaea15"
  integrity sha512-qx5jcfCJodN1Mh0KtSVQau7pK8CxDvtif7+joPHI2HbQPAADgdUl0LHfA5tFHh6aWgfvhxbvIXqJd6v7Mqkj9g==

turbo-windows-arm64@1.10.6:
  version "1.10.6"
  resolved "https://registry.yarnpkg.com/turbo-windows-arm64/-/turbo-windows-arm64-1.10.6.tgz#1e43480584106568df196d0d10964a4eae9b5752"
  integrity sha512-vTQaRG3/s2XTreOBr6J9HKFtjzusvwGQg0GtuW2+9Z7fizdzP8MuhaDbN6FhKHcWC81PQPD61TBIKTVTsYOEZg==

turbo@1.10.6:
  version "1.10.6"
  resolved "https://registry.yarnpkg.com/turbo/-/turbo-1.10.6.tgz#021c410d1598bb2c75090cb97e152953de5e2759"
  integrity sha512-0/wbjw4HvmPP1abVWHTdeFRfCA9cn5oxCPP5bDixagLzvDgGWE3xfdlsyGmq779Ekr9vjtDPgC2Y4JlXEhyryw==
  optionalDependencies:
    turbo-darwin-64 "1.10.6"
    turbo-darwin-arm64 "1.10.6"
    turbo-linux-64 "1.10.6"
    turbo-linux-arm64 "1.10.6"
    turbo-windows-64 "1.10.6"
    turbo-windows-arm64 "1.10.6"
